// !$*UTF8*$!
{
	archiveVersion = 1;
	classes = {
	};
	objectVersion = 56;
	objects = {

/* Begin PBXBuildFile section */
		0A0000000000000000000021 /* BRollDeskApp.swift in Sources */ = {isa = PBXBuildFile; fileRef = 0A0000000000000000000011 /* BRollDeskApp.swift */; };
		0A0000000000000000000022 /* AppModel.swift in Sources */ = {isa = PBXBuildFile; fileRef = 0A0000000000000000000012 /* AppModel.swift */; };
		0A0000000000000000000023 /* Models.swift in Sources */ = {isa = PBXBuildFile; fileRef = 0A0000000000000000000013 /* Models.swift */; };
		0A0000000000000000000024 /* Views.swift in Sources */ = {isa = PBXBuildFile; fileRef = 0A0000000000000000000014 /* Views.swift */; };
		0A0000000000000000000025 /* FileDropDelegate.swift in Sources */ = {isa = PBXBuildFile; fileRef = 0A0000000000000000000015 /* FileDropDelegate.swift */; };
		0A0000000000000000000026 /* Assets.xcassets in Resources */ = {isa = PBXBuildFile; fileRef = 0A0000000000000000000017 /* Assets.xcassets */; };
		0A0000000000000000000027 /* SmileySans-Oblique.ttf in Resources */ = {isa = PBXBuildFile; fileRef = 0A0000000000000000000019 /* SmileySans-Oblique.ttf */; };
		0A0000000000000000000028 /* OFL.txt in Resources */ = {isa = PBXBuildFile; fileRef = 0A000000000000000000001A /* OFL.txt */; };
		0A0000000000000000000029 /* 提示词.txt in Resources */ = {isa = PBXBuildFile; fileRef = 0A000000000000000000001B /* 提示词.txt */; };
/* End PBXBuildFile section */

/* Begin PBXFileReference section */
		0A0000000000000000000003 /* B-roll配对台.app */ = {isa = PBXFileReference; explicitFileType = wrapper.application; includeInIndex = 0; path = "B-roll配对台.app"; sourceTree = BUILT_PRODUCTS_DIR; };
		0A0000000000000000000011 /* BRollDeskApp.swift */ = {isa = PBXFileReference; lastKnownFileType = sourcecode.swift; path = BRollDeskApp.swift; sourceTree = "<group>"; };
		0A0000000000000000000012 /* AppModel.swift */ = {isa = PBXFileReference; lastKnownFileType = sourcecode.swift; path = AppModel.swift; sourceTree = "<group>"; };
		0A0000000000000000000013 /* Models.swift */ = {isa = PBXFileReference; lastKnownFileType = sourcecode.swift; path = Models.swift; sourceTree = "<group>"; };
		0A0000000000000000000014 /* Views.swift */ = {isa = PBXFileReference; lastKnownFileType = sourcecode.swift; path = Views.swift; sourceTree = "<group>"; };
		0A0000000000000000000015 /* FileDropDelegate.swift */ = {isa = PBXFileReference; lastKnownFileType = sourcecode.swift; path = FileDropDelegate.swift; sourceTree = "<group>"; };
		0A0000000000000000000016 /* BRollDesk.entitlements */ = {isa = PBXFileReference; lastKnownFileType = text.plist.entitlements; path = BRollDesk.entitlements; sourceTree = "<group>"; };
		0A0000000000000000000017 /* Assets.xcassets */ = {isa = PBXFileReference; lastKnownFileType = folder.assetcatalog; path = Assets.xcassets; sourceTree = "<group>"; };
		0A0000000000000000000019 /* SmileySans-Oblique.ttf */ = {isa = PBXFileReference; lastKnownFileType = file; path = "SmileySans-Oblique.ttf"; sourceTree = "<group>"; };
		0A000000000000000000001A /* OFL.txt */ = {isa = PBXFileReference; lastKnownFileType = text; path = OFL.txt; sourceTree = "<group>"; };
		0A000000000000000000001B /* 提示词.txt */ = {isa = PBXFileReference; lastKnownFileType = text; path = "提示词.txt"; sourceTree = "<group>"; };
/* End PBXFileReference section */

/* Begin PBXFrameworksBuildPhase section */
		0A0000000000000000000033 /* Frameworks */ = {
			isa = PBXFrameworksBuildPhase;
			buildActionMask = 2147483647;
			files = (
			);
			runOnlyForDeploymentPostprocessing = 0;
		};
/* End PBXFrameworksBuildPhase section */

/* Begin PBXGroup section */
		0A0000000000000000000004 = {
			isa = PBXGroup;
			children = (
				0A0000000000000000000005 /* BRollDeskApp */,
				0A0000000000000000000006 /* Products */,
			);
			sourceTree = "<group>";
		};
		0A0000000000000000000005 /* BRollDeskApp */ = {
			isa = PBXGroup;
			children = (
				0A0000000000000000000011 /* BRollDeskApp.swift */,
				0A0000000000000000000012 /* AppModel.swift */,
				0A0000000000000000000013 /* Models.swift */,
				0A0000000000000000000014 /* Views.swift */,
				0A0000000000000000000015 /* FileDropDelegate.swift */,
				0A0000000000000000000016 /* BRollDesk.entitlements */,
				0A0000000000000000000018 /* Fonts */,
				0A000000000000000000001C /* Resources */,
				0A0000000000000000000017 /* Assets.xcassets */,
			);
			path = BRollDeskApp;
			sourceTree = "<group>";
		};
		0A0000000000000000000006 /* Products */ = {
			isa = PBXGroup;
			children = (
				0A0000000000000000000003 /* B-roll配对台.app */,
			);
			name = Products;
			sourceTree = "<group>";
		};
		0A0000000000000000000018 /* Fonts */ = {
			isa = PBXGroup;
			children = (
				0A0000000000000000000019 /* SmileySans-Oblique.ttf */,
				0A000000000000000000001A /* OFL.txt */,
			);
			path = Fonts;
			sourceTree = "<group>";
		};
		0A000000000000000000001C /* Resources */ = {
			isa = PBXGroup;
			children = (
				0A000000000000000000001B /* 提示词.txt */,
			);
			path = Resources;
			sourceTree = "<group>";
		};
/* End PBXGroup section */

/* Begin PBXNativeTarget section */
		0A0000000000000000000002 /* B-roll Desk */ = {
			isa = PBXNativeTarget;
			buildConfigurationList = 0A0000000000000000000041 /* Build configuration list for PBXNativeTarget "B-roll Desk" */;
			buildPhases = (
				0A0000000000000000000031 /* Sources */,
				0A0000000000000000000032 /* Resources */,
				0A0000000000000000000033 /* Frameworks */,
			);
			buildRules = (
			);
			dependencies = (
			);
			name = "B-roll Desk";
			productName = "B-roll配对台";
			productReference = 0A0000000000000000000003 /* B-roll配对台.app */;
			productType = "com.apple.product-type.application";
		};
/* End PBXNativeTarget section */

/* Begin PBXProject section */
		0A0000000000000000000001 /* Project object */ = {
			isa = PBXProject;
			attributes = {
				BuildIndependentTargetsInParallel = 1;
				LastUpgradeCheck = 1640;
				TargetAttributes = {
					0A0000000000000000000002 = {
						CreatedOnToolsVersion = 16.4;
					};
				};
			};
			buildConfigurationList = 0A0000000000000000000040 /* Build configuration list for PBXProject "B-roll Desk" */;
			compatibilityVersion = "Xcode 14.0";
			developmentRegion = en;
			hasScannedForEncodings = 0;
			knownRegions = (
				en,
				Base,
				"zh-Hans",
			);
			mainGroup = 0A0000000000000000000004;
			productRefGroup = 0A0000000000000000000006 /* Products */;
			projectDirPath = "";
			projectRoot = "";
			targets = (
				0A0000000000000000000002 /* B-roll Desk */,
			);
		};
/* End PBXProject section */

/* Begin PBXResourcesBuildPhase section */
		0A0000000000000000000032 /* Resources */ = {
			isa = PBXResourcesBuildPhase;
			buildActionMask = 2147483647;
			files = (
				0A0000000000000000000026 /* Assets.xcassets in Resources */,
				0A0000000000000000000027 /* SmileySans-Oblique.ttf in Resources */,
				0A0000000000000000000028 /* OFL.txt in Resources */,
				0A0000000000000000000029 /* 提示词.txt in Resources */,
			);
			runOnlyForDeploymentPostprocessing = 0;
		};
/* End PBXResourcesBuildPhase section */

/* Begin PBXSourcesBuildPhase section */
		0A0000000000000000000031 /* Sources */ = {
			isa = PBXSourcesBuildPhase;
			buildActionMask = 2147483647;
			files = (
				0A0000000000000000000021 /* BRollDeskApp.swift in Sources */,
				0A0000000000000000000022 /* AppModel.swift in Sources */,
				0A0000000000000000000023 /* Models.swift in Sources */,
				0A0000000000000000000024 /* Views.swift in Sources */,
				0A0000000000000000000025 /* FileDropDelegate.swift in Sources */,
			);
			runOnlyForDeploymentPostprocessing = 0;
		};
/* End PBXSourcesBuildPhase section */

/* Begin XCBuildConfiguration section */
		0A0000000000000000000050 /* Debug */ = {
			isa = XCBuildConfiguration;
			buildSettings = {
				ALWAYS_SEARCH_USER_PATHS = NO;
				CLANG_ENABLE_MODULES = YES;
				CLANG_ENABLE_OBJC_ARC = YES;
				MACOSX_DEPLOYMENT_TARGET = 14.0;
				SDKROOT = macosx;
				SWIFT_VERSION = 5.0;
			};
			name = Debug;
		};
		0A0000000000000000000051 /* Release */ = {
			isa = XCBuildConfiguration;
			buildSettings = {
				ALWAYS_SEARCH_USER_PATHS = NO;
				CLANG_ENABLE_MODULES = YES;
				CLANG_ENABLE_OBJC_ARC = YES;
				MACOSX_DEPLOYMENT_TARGET = 14.0;
				SDKROOT = macosx;
				SWIFT_VERSION = 5.0;
			};
			name = Release;
		};
		0A0000000000000000000052 /* Debug */ = {
			isa = XCBuildConfiguration;
			buildSettings = {
				ASSETCATALOG_COMPILER_APPICON_NAME = AppIcon;
				CODE_SIGN_ENTITLEMENTS = BRollDeskApp/BRollDesk.entitlements;
				CODE_SIGN_IDENTITY = "Developer ID Application";
				CODE_SIGN_STYLE = Manual;
				DEVELOPMENT_TEAM = MR285FSGSG;
				ENABLE_DEBUG_DYLIB = NO;
				CURRENT_PROJECT_VERSION = 3;
				ENABLE_APP_SANDBOX = YES;
				ENABLE_HARDENED_RUNTIME = YES;
				ENABLE_PREVIEWS = YES;
				GENERATE_INFOPLIST_FILE = YES;
				INFOPLIST_KEY_CFBundleDisplayName = "B-roll配对台 Debug";
				INFOPLIST_KEY_LSApplicationCategoryType = "public.app-category.video";
				INFOPLIST_KEY_NSAppleEventsUsageDescription = "为在现有 Finder 窗口中新建标签页并定位素材，B-roll配对台需要控制 Finder 和 System Events。";
				INFOPLIST_KEY_NSHumanReadableCopyright = "";
				LD_RUNPATH_SEARCH_PATHS = (
					"$(inherited)",
					"@executable_path/../Frameworks",
				);
				MACOSX_DEPLOYMENT_TARGET = 14.0;
				MARKETING_VERSION = 1.0.2;
				PRODUCT_BUNDLE_IDENTIFIER = com.keyknock.BrollNamer.Debug;
				PRODUCT_NAME = "B-roll配对台 Debug";
				SWIFT_EMIT_LOC_STRINGS = YES;
				SWIFT_OPTIMIZATION_LEVEL = "-Onone";
				SWIFT_VERSION = 5.0;
			};
			name = Debug;
		};
		0A0000000000000000000053 /* Release */ = {
			isa = XCBuildConfiguration;
			buildSettings = {
				ASSETCATALOG_COMPILER_APPICON_NAME = AppIcon;
				CODE_SIGN_ENTITLEMENTS = BRollDeskApp/BRollDesk.entitlements;
				CODE_SIGN_IDENTITY = "-";
				CODE_SIGN_STYLE = Manual;
				CURRENT_PROJECT_VERSION = 3;
				ENABLE_APP_SANDBOX = YES;
				ENABLE_HARDENED_RUNTIME = YES;
				GENERATE_INFOPLIST_FILE = YES;
				INFOPLIST_KEY_CFBundleDisplayName = "B-roll配对台";
				INFOPLIST_KEY_LSApplicationCategoryType = "public.app-category.video";
				INFOPLIST_KEY_NSAppleEventsUsageDescription = "为在现有 Finder 窗口中新建标签页并定位素材，B-roll配对台需要控制 Finder 和 System Events。";
				INFOPLIST_KEY_NSHumanReadableCopyright = "";
				LD_RUNPATH_SEARCH_PATHS = (
					"$(inherited)",
					"@executable_path/../Frameworks",
				);
				MACOSX_DEPLOYMENT_TARGET = 14.0;
				MARKETING_VERSION = 1.0.2;
				PRODUCT_BUNDLE_IDENTIFIER = com.keyknock.BrollNamer;
				PRODUCT_NAME = "B-roll配对台";
				SWIFT_EMIT_LOC_STRINGS = YES;
				SWIFT_OPTIMIZATION_LEVEL = "-O";
				SWIFT_VERSION = 5.0;
			};
			name = Release;
		};
/* End XCBuildConfiguration section */

/* Begin XCConfigurationList section */
		0A0000000000000000000040 /* Build configuration list for PBXProject "B-roll Desk" */ = {
			isa = XCConfigurationList;
			buildConfigurations = (
				0A0000000000000000000050 /* Debug */,
				0A0000000000000000000051 /* Release */,
			);
			defaultConfigurationIsVisible = 0;
			defaultConfigurationName = Release;
		};
		0A0000000000000000000041 /* Build configuration list for PBXNativeTarget "B-roll Desk" */ = {
			isa = XCConfigurationList;
			buildConfigurations = (
				0A0000000000000000000052 /* Debug */,
				0A0000000000000000000053 /* Release */,
			);
			defaultConfigurationIsVisible = 0;
			defaultConfigurationName = Release;
		};
/* End XCConfigurationList section */
	};
	rootObject = 0A0000000000000000000001 /* Project object */;
}
